
Microsoft Visual Studio Solution File, Format Version 12.00
# Visual Studio 14
VisualStudioVersion = 14.0.25420.1
MinimumVisualStudioVersion = 10.0.40219.1
Project("{FAE04EC0-301F-11D3-BF4B-00C04F79EFBC}") = "UserActivity.CL.WPF", "UserActivity.CL.WPF\UserActivity.CL.WPF.csproj", "{90D11B40-D727-4CAC-ADEE-CEE6E3EAC617}"
EndProject
Project("{FAE04EC0-301F-11D3-BF4B-00C04F79EFBC}") = "UserActivity.CL.WPF.Tests", "UserActivity.CL.WPF.Tests\UserActivity.CL.WPF.Tests.csproj", "{A60794C0-35EF-4A98-B688-A1E747EF39FC}"
EndProject
Project("{FAE04EC0-301F-11D3-BF4B-00C04F79EFBC}") = "UserActivity.Viewer", "UserActivity.Viewer\UserActivity.Viewer.csproj", "{2842033A-C4BA-4ECD-BD8A-1B4B23B195C2}"
EndProject
Project("{2150E333-8FDC-42A3-9474-1A3956D46DE8}") = "Samples", "Samples", "{E06EA3F3-E5B1-403E-B3AE-357DDEEBC25C}"
	ProjectSection(SolutionItems) = preProject
		Samples\E02ABA1B-2C91-40CB-B024-E087D73BC023.uad = Samples\E02ABA1B-2C91-40CB-B024-E087D73BC023.uad
		Samples\F5B1E852-185C-4012-8E87-BEB90FB19071.uad = Samples\F5B1E852-185C-4012-8E87-BEB90FB19071.uad
	EndProjectSection
EndProject
Project("{FAE04EC0-301F-11D3-BF4B-00C04F79EFBC}") = "UserActivity.Tests", "UserActivity.Tests\UserActivity.Tests.csproj", "{F0ED18CE-1BC7-4A72-B2CF-53DF979F6D08}"
EndProject
Project("{FAE04EC0-301F-11D3-BF4B-00C04F79EFBC}") = "UserAcitivity.Demo.Calculator", "UserAcitivity.Demo.Calculator\UserAcitivity.Demo.Calculator.csproj", "{2BBE34E3-B4EA-49F0-957A-B25B3DEEF6D2}"
EndProject
Global
	GlobalSection(SolutionConfigurationPlatforms) = preSolution
		Debug|Any CPU = Debug|Any CPU
		Release|Any CPU = Release|Any CPU
	EndGlobalSection
	GlobalSection(ProjectConfigurationPlatforms) = postSolution
		{90D11B40-D727-4CAC-ADEE-CEE6E3EAC617}.Debug|Any CPU.ActiveCfg = Debug|Any CPU
		{90D11B40-D727-4CAC-ADEE-CEE6E3EAC617}.Debug|Any CPU.Build.0 = Debug|Any CPU
		{90D11B40-D727-4CAC-ADEE-CEE6E3EAC617}.Release|Any CPU.ActiveCfg = Release|Any CPU
		{90D11B40-D727-4CAC-ADEE-CEE6E3EAC617}.Release|Any CPU.Build.0 = Release|Any CPU
		{A60794C0-35EF-4A98-B688-A1E747EF39FC}.Debug|Any CPU.ActiveCfg = Debug|Any CPU
		{A60794C0-35EF-4A98-B688-A1E747EF39FC}.Debug|Any CPU.Build.0 = Debug|Any CPU
		{A60794C0-35EF-4A98-B688-A1E747EF39FC}.Release|Any CPU.ActiveCfg = Release|Any CPU
		{A60794C0-35EF-4A98-B688-A1E747EF39FC}.Release|Any CPU.Build.0 = Release|Any CPU
		{2842033A-C4BA-4ECD-BD8A-1B4B23B195C2}.Debug|Any CPU.ActiveCfg = Debug|Any CPU
		{2842033A-C4BA-4ECD-BD8A-1B4B23B195C2}.Debug|Any CPU.Build.0 = Debug|Any CPU
		{2842033A-C4BA-4ECD-BD8A-1B4B23B195C2}.Release|Any CPU.ActiveCfg = Release|Any CPU
		{2842033A-C4BA-4ECD-BD8A-1B4B23B195C2}.Release|Any CPU.Build.0 = Release|Any CPU
		{F0ED18CE-1BC7-4A72-B2CF-53DF979F6D08}.Debug|Any CPU.ActiveCfg = Debug|Any CPU
		{F0ED18CE-1BC7-4A72-B2CF-53DF979F6D08}.Debug|Any CPU.Build.0 = Debug|Any CPU
		{F0ED18CE-1BC7-4A72-B2CF-53DF979F6D08}.Release|Any CPU.ActiveCfg = Release|Any CPU
		{F0ED18CE-1BC7-4A72-B2CF-53DF979F6D08}.Release|Any CPU.Build.0 = Release|Any CPU
		{2BBE34E3-B4EA-49F0-957A-B25B3DEEF6D2}.Debug|Any CPU.ActiveCfg = Debug|Any CPU
		{2BBE34E3-B4EA-49F0-957A-B25B3DEEF6D2}.Debug|Any CPU.Build.0 = Debug|Any CPU
		{2BBE34E3-B4EA-49F0-957A-B25B3DEEF6D2}.Release|Any CPU.ActiveCfg = Release|Any CPU
		{2BBE34E3-B4EA-49F0-957A-B25B3DEEF6D2}.Release|Any CPU.Build.0 = Release|Any CPU
	EndGlobalSection
	GlobalSection(SolutionProperties) = preSolution
		HideSolutionNode = FALSE
	EndGlobalSection
EndGlobal
